{
  "name": "eslint-config-jubic-typescript",
  "version": "1.0.0",
  "lockfileVersion": 1,
  "requires": true,
  "dependencies": {
    "eslint-config-jubic": {
      "version": "github:jubicoy/eslint-config-jubic#f6b9a8927e3334c4d322348d8db828afcfb2e39c",
      "from": "github:jubicoy/eslint-config-jubic#master"
    }
  }
}
